github.com/brentgroves/filter_private v0.0.0-20230714230915-07ec367b3da7 h1:waJJN5oWeGFEljjynu567htc3NzQb9OPbT+gGuRaT08=
github.com/brentgroves/filter_private v0.0.0-20230714230915-07ec367b3da7/go.mod h1:L23WgtQ7Rm5V/qKkjpigthPWa+9C1OXQwqsqUgToycM=
golang.org/x/exp v0.0.0-20230713183714-613f0c0eb8a1 h1:MGwJjxBy0HJshjDNfLsYO8xppfqWlA5ZT9OhtUUhTNw=
golang.org/x/exp v0.0.0-20230713183714-613f0c0eb8a1/go.mod h1:FXUEEKJgO7OQYeo8N01OfiKP8RXMtf6e8aTskBGqWdc=
